// !$*UTF8*$!
{
	archiveVersion = 1;
	classes = {
	};
	objectVersion = 50;
	objects = {

/* Begin PBXBuildFile section */
		996BC5B92351715E00D35DCB /* AppDelegate.swift in Sources */ = {isa = PBXBuildFile; fileRef = 996BC5B82351715E00D35DCB /* AppDelegate.swift */; };
		996BC5BB2351715F00D35DCB /* SceneDelegate.swift in Sources */ = {isa = PBXBuildFile; fileRef = 996BC5BA2351715F00D35DCB /* SceneDelegate.swift */; };
		996BC5BD2351715F00D35DCB /* ViewController.swift in Sources */ = {isa = PBXBuildFile; fileRef = 996BC5BC2351715F00D35DCB /* ViewController.swift */; };
		996BC5C02351715F00D35DCB /* Main.storyboard in Resources */ = {isa = PBXBuildFile; fileRef = 996BC5BE2351715F00D35DCB /* Main.storyboard */; };
		996BC5C22351716100D35DCB /* Assets.xcassets in Resources */ = {isa = PBXBuildFile; fileRef = 996BC5C12351716100D35DCB /* Assets.xcassets */; };
		996BC5C52351716100D35DCB /* LaunchScreen.storyboard in Resources */ = {isa = PBXBuildFile; fileRef = 996BC5C32351716100D35DCB /* LaunchScreen.storyboard */; };
		9970687E23523A5400C5FC75 /* Number.swift in Sources */ = {isa = PBXBuildFile; fileRef = 9970687D23523A5400C5FC75 /* Number.swift */; };
		DBFD68F523528B3C00C0E1A2 /* Operations.swift in Sources */ = {isa = PBXBuildFile; fileRef = DBFD68F423528B3C00C0E1A2 /* Operations.swift */; };
/* End PBXBuildFile section */

/* Begin PBXFileReference section */
		996BC5B52351715E00D35DCB /* BaseCalc.app */ = {isa = PBXFileReference; explicitFileType = wrapper.application; includeInIndex = 0; path = BaseCalc.app; sourceTree = BUILT_PRODUCTS_DIR; };
		996BC5B82351715E00D35DCB /* AppDelegate.swift */ = {isa = PBXFileReference; lastKnownFileType = sourcecode.swift; path = AppDelegate.swift; sourceTree = "<group>"; };
		996BC5BA2351715F00D35DCB /* SceneDelegate.swift */ = {isa = PBXFileReference; lastKnownFileType = sourcecode.swift; path = SceneDelegate.swift; sourceTree = "<group>"; };
		996BC5BC2351715F00D35DCB /* ViewController.swift */ = {isa = PBXFileReference; lastKnownFileType = sourcecode.swift; path = ViewController.swift; sourceTree = "<group>"; };
		996BC5BF2351715F00D35DCB /* Base */ = {isa = PBXFileReference; lastKnownFileType = file.storyboard; name = Base; path = Base.lproj/Main.storyboard; sourceTree = "<group>"; };
		996BC5C12351716100D35DCB /* Assets.xcassets */ = {isa = PBXFileReference; lastKnownFileType = folder.assetcatalog; path = Assets.xcassets; sourceTree = "<group>"; };
		996BC5C42351716100D35DCB /* Base */ = {isa = PBXFileReference; lastKnownFileType = file.storyboard; name = Base; path = Base.lproj/LaunchScreen.storyboard; sourceTree = "<group>"; };
		996BC5C62351716100D35DCB /* Info.plist */ = {isa = PBXFileReference; lastKnownFileType = text.plist.xml; path = Info.plist; sourceTree = "<group>"; };
		9970687D23523A5400C5FC75 /* Number.swift */ = {isa = PBXFileReference; lastKnownFileType = sourcecode.swift; path = Number.swift; sourceTree = "<group>"; };
		DBFD68F423528B3C00C0E1A2 /* Operations.swift */ = {isa = PBXFileReference; lastKnownFileType = sourcecode.swift; path = Operations.swift; sourceTree = "<group>"; };
/* End PBXFileReference section */

/* Begin PBXFrameworksBuildPhase section */
		996BC5B22351715E00D35DCB /* Frameworks */ = {
			isa = PBXFrameworksBuildPhase;
			buildActionMask = 2147483647;
			files = (
			);
			runOnlyForDeploymentPostprocessing = 0;
		};
/* End PBXFrameworksBuildPhase section */

/* Begin PBXGroup section */
		996BC5AC2351715E00D35DCB = {
			isa = PBXGroup;
			children = (
				996BC5B72351715E00D35DCB /* Binary-Calculator */,
				996BC5B62351715E00D35DCB /* Products */,
			);
			sourceTree = "<group>";
		};
		996BC5B62351715E00D35DCB /* Products */ = {
			isa = PBXGroup;
			children = (
				996BC5B52351715E00D35DCB /* BaseCalc.app */,
			);
			name = Products;
			sourceTree = "<group>";
		};
		996BC5B72351715E00D35DCB /* Binary-Calculator */ = {
			isa = PBXGroup;
			children = (
				996BC5B82351715E00D35DCB /* AppDelegate.swift */,
				9970687D23523A5400C5FC75 /* Number.swift */,
				DBFD68F423528B3C00C0E1A2 /* Operations.swift */,
				996BC5BA2351715F00D35DCB /* SceneDelegate.swift */,
				996BC5BC2351715F00D35DCB /* ViewController.swift */,
				996BC5BE2351715F00D35DCB /* Main.storyboard */,
				996BC5C12351716100D35DCB /* Assets.xcassets */,
				996BC5C32351716100D35DCB /* LaunchScreen.storyboard */,
				996BC5C62351716100D35DCB /* Info.plist */,
			);
			path = "Binary-Calculator";
			sourceTree = "<group>";
		};
/* End PBXGroup section */

/* Begin PBXNativeTarget section */
		996BC5B42351715E00D35DCB /* Binary-Calculator */ = {
			isa = PBXNativeTarget;
			buildConfigurationList = 996BC5C92351716200D35DCB /* Build configuration list for PBXNativeTarget "Binary-Calculator" */;
			buildPhases = (
				996BC5B12351715E00D35DCB /* Sources */,
				996BC5B22351715E00D35DCB /* Frameworks */,
				996BC5B32351715E00D35DCB /* Resources */,
			);
			buildRules = (
			);
			dependencies = (
			);
			name = "Binary-Calculator";
			productName = "Binary-Calculator";
			productReference = 996BC5B52351715E00D35DCB /* BaseCalc.app */;
			productType = "com.apple.product-type.application";
		};
/* End PBXNativeTarget section */

/* Begin PBXProject section */
		996BC5AD2351715E00D35DCB /* Project object */ = {
			isa = PBXProject;
			attributes = {
				LastSwiftUpdateCheck = 1110;
				LastUpgradeCheck = 1110;
				ORGANIZATIONNAME = "Binary-Boiz";
				TargetAttributes = {
					996BC5B42351715E00D35DCB = {
						CreatedOnToolsVersion = 11.1;
					};
				};
			};
			buildConfigurationList = 996BC5B02351715E00D35DCB /* Build configuration list for PBXProject "Binary-Calculator" */;
			compatibilityVersion = "Xcode 9.3";
			developmentRegion = en;
			hasScannedForEncodings = 0;
			knownRegions = (
				en,
				Base,
			);
			mainGroup = 996BC5AC2351715E00D35DCB;
			productRefGroup = 996BC5B62351715E00D35DCB /* Products */;
			projectDirPath = "";
			projectRoot = "";
			targets = (
				996BC5B42351715E00D35DCB /* Binary-Calculator */,
			);
		};
/* End PBXProject section */

/* Begin PBXResourcesBuildPhase section */
		996BC5B32351715E00D35DCB /* Resources */ = {
			isa = PBXResourcesBuildPhase;
			buildActionMask = 2147483647;
			files = (
				996BC5C52351716100D35DCB /* LaunchScreen.storyboard in Resources */,
				996BC5C22351716100D35DCB /* Assets.xcassets in Resources */,
				996BC5C02351715F00D35DCB /* Main.storyboard in Resources */,
			);
			runOnlyForDeploymentPostprocessing = 0;
		};
/* End PBXResourcesBuildPhase section */

/* Begin PBXSourcesBuildPhase section */
		996BC5B12351715E00D35DCB /* Sources */ = {
			isa = PBXSourcesBuildPhase;
			buildActionMask = 2147483647;
			files = (
				9970687E23523A5400C5FC75 /* Number.swift in Sources */,
				996BC5BD2351715F00D35DCB /* ViewController.swift in Sources */,
				996BC5B92351715E00D35DCB /* AppDelegate.swift in Sources */,
				996BC5BB2351715F00D35DCB /* SceneDelegate.swift in Sources */,
				DBFD68F523528B3C00C0E1A2 /* Operations.swift in Sources */,
			);
			runOnlyForDeploymentPostprocessing = 0;
		};
/* End PBXSourcesBuildPhase section */

/* Begin PBXVariantGroup section */
		996BC5BE2351715F00D35DCB /* Main.storyboard */ = {
			isa = PBXVariantGroup;
			children = (
				996BC5BF2351715F00D35DCB /* Base */,
			);
			name = Main.storyboard;
			sourceTree = "<group>";
		};
		996BC5C32351716100D35DCB /* LaunchScreen.storyboard */ = {
			isa = PBXVariantGroup;
			children = (
				996BC5C42351716100D35DCB /* Base */,
			);
			name = LaunchScreen.storyboard;
			sourceTree = "<group>";
		};
/* End PBXVariantGroup section */

/* Begin XCBuildConfiguration section */
		996BC5C72351716100D35DCB /* Debug */ = {
			isa = XCBuildConfiguration;
			buildSettings = {
				ALWAYS_SEARCH_USER_PATHS = NO;
				CLANG_ANALYZER_NONNULL = YES;
				CLANG_ANALYZER_NUMBER_OBJECT_CONVERSION = YES_AGGRESSIVE;
				CLANG_CXX_LANGUAGE_STANDARD = "gnu++14";
				CLANG_CXX_LIBRARY = "libc++";
				CLANG_ENABLE_MODULES = YES;
				CLANG_ENABLE_OBJC_ARC = YES;
				CLANG_ENABLE_OBJC_WEAK = YES;
				CLANG_WARN_BLOCK_CAPTURE_AUTORELEASING = YES;
				CLANG_WARN_BOOL_CONVERSION = YES;
				CLANG_WARN_COMMA = YES;
				CLANG_WARN_CONSTANT_CONVERSION = YES;
				CLANG_WARN_DEPRECATED_OBJC_IMPLEMENTATIONS = YES;
				CLANG_WARN_DIRECT_OBJC_ISA_USAGE = YES_ERROR;
				CLANG_WARN_DOCUMENTATION_COMMENTS = YES;
				CLANG_WARN_EMPTY_BODY = YES;
				CLANG_WARN_ENUM_CONVERSION = YES;
				CLANG_WARN_INFINITE_RECURSION = YES;
				CLANG_WARN_INT_CONVERSION = YES;
				CLANG_WARN_NON_LITERAL_NULL_CONVERSION = YES;
				CLANG_WARN_OBJC_IMPLICIT_RETAIN_SELF = YES;
				CLANG_WARN_OBJC_LITERAL_CONVERSION = YES;
				CLANG_WARN_OBJC_ROOT_CLASS = YES_ERROR;
				CLANG_WARN_RANGE_LOOP_ANALYSIS = YES;
				CLANG_WARN_STRICT_PROTOTYPES = YES;
				CLANG_WARN_SUSPICIOUS_MOVE = YES;
				CLANG_WARN_UNGUARDED_AVAILABILITY = YES_AGGRESSIVE;
				CLANG_WARN_UNREACHABLE_CODE = YES;
				CLANG_WARN__DUPLICATE_METHOD_MATCH = YES;
				COPY_PHASE_STRIP = NO;
				DEBUG_INFORMATION_FORMAT = dwarf;
				ENABLE_STRICT_OBJC_MSGSEND = YES;
				ENABLE_TESTABILITY = YES;
				GCC_C_LANGUAGE_STANDARD = gnu11;
				GCC_DYNAMIC_NO_PIC = NO;
				GCC_NO_COMMON_BLOCKS = YES;
				GCC_OPTIMIZATION_LEVEL = 0;
				GCC_PREPROCESSOR_DEFINITIONS = (
					"DEBUG=1",
					"$(inherited)",
				);
				GCC_WARN_64_TO_32_BIT_CONVERSION = YES;
				GCC_WARN_ABOUT_RETURN_TYPE = YES_ERROR;
				GCC_WARN_UNDECLARED_SELECTOR = YES;
				GCC_WARN_UNINITIALIZED_AUTOS = YES_AGGRESSIVE;
				GCC_WARN_UNUSED_FUNCTION = YES;
				GCC_WARN_UNUSED_VARIABLE = YES;
				IPHONEOS_DEPLOYMENT_TARGET = 13.1;
				MTL_ENABLE_DEBUG_INFO = INCLUDE_SOURCE;
				MTL_FAST_MATH = YES;
				ONLY_ACTIVE_ARCH = YES;
				SDKROOT = iphoneos;
				SWIFT_ACTIVE_COMPILATION_CONDITIONS = DEBUG;
				SWIFT_OPTIMIZATION_LEVEL = "-O";
			};
			name = Debug;
		};
		996BC5C82351716100D35DCB /* Release */ = {
			isa = XCBuildConfiguration;
			buildSettings = {
				ALWAYS_SEARCH_USER_PATHS = NO;
				CLANG_ANALYZER_NONNULL = YES;
				CLANG_ANALYZER_NUMBER_OBJECT_CONVERSION = YES_AGGRESSIVE;
				CLANG_CXX_LANGUAGE_STANDARD = "gnu++14";
				CLANG_CXX_LIBRARY = "libc++";
				CLANG_ENABLE_MODULES = YES;
				CLANG_ENABLE_OBJC_ARC = YES;
				CLANG_ENABLE_OBJC_WEAK = YES;
				CLANG_WARN_BLOCK_CAPTURE_AUTORELEASING = YES;
				CLANG_WARN_BOOL_CONVERSION = YES;
				CLANG_WARN_COMMA = YES;
				CLANG_WARN_CONSTANT_CONVERSION = YES;
				CLANG_WARN_DEPRECATED_OBJC_IMPLEMENTATIONS = YES;
				CLANG_WARN_DIRECT_OBJC_ISA_USAGE = YES_ERROR;
				CLANG_WARN_DOCUMENTATION_COMMENTS = YES;
				CLANG_WARN_EMPTY_BODY = YES;
				CLANG_WARN_ENUM_CONVERSION = YES;
				CLANG_WARN_INFINITE_RECURSION = YES;
				CLANG_WARN_INT_CONVERSION = YES;
				CLANG_WARN_NON_LITERAL_NULL_CONVERSION = YES;
				CLANG_WARN_OBJC_IMPLICIT_RETAIN_SELF = YES;
				CLANG_WARN_OBJC_LITERAL_CONVERSION = YES;
				CLANG_WARN_OBJC_ROOT_CLASS = YES_ERROR;
				CLANG_WARN_RANGE_LOOP_ANALYSIS = YES;
				CLANG_WARN_STRICT_PROTOTYPES = YES;
				CLANG_WARN_SUSPICIOUS_MOVE = YES;
				CLANG_WARN_UNGUARDED_AVAILABILITY = YES_AGGRESSIVE;
				CLANG_WARN_UNREACHABLE_CODE = YES;
				CLANG_WARN__DUPLICATE_METHOD_MATCH = YES;
				COPY_PHASE_STRIP = NO;
				DEBUG_INFORMATION_FORMAT = "dwarf-with-dsym";
				ENABLE_NS_ASSERTIONS = NO;
				ENABLE_STRICT_OBJC_MSGSEND = YES;
				GCC_C_LANGUAGE_STANDARD = gnu11;
				GCC_NO_COMMON_BLOCKS = YES;
				GCC_WARN_64_TO_32_BIT_CONVERSION = YES;
				GCC_WARN_ABOUT_RETURN_TYPE = YES_ERROR;
				GCC_WARN_UNDECLARED_SELECTOR = YES;
				GCC_WARN_UNINITIALIZED_AUTOS = YES_AGGRESSIVE;
				GCC_WARN_UNUSED_FUNCTION = YES;
				GCC_WARN_UNUSED_VARIABLE = YES;
				IPHONEOS_DEPLOYMENT_TARGET = 13.1;
				MTL_ENABLE_DEBUG_INFO = NO;
				MTL_FAST_MATH = YES;
				SDKROOT = iphoneos;
				SWIFT_COMPILATION_MODE = wholemodule;
				SWIFT_OPTIMIZATION_LEVEL = "-O";
				VALIDATE_PRODUCT = YES;
			};
			name = Release;
		};
		996BC5CA2351716200D35DCB /* Debug */ = {
			isa = XCBuildConfiguration;
			buildSettings = {
				ASSETCATALOG_COMPILER_APPICON_NAME = AppIcon;
				CODE_SIGN_STYLE = Automatic;
				DEVELOPMENT_TEAM = NY38PR3PNZ;
				INFOPLIST_FILE = "Binary-Calculator/Info.plist";
				LD_RUNPATH_SEARCH_PATHS = (
					"$(inherited)",
					"@executable_path/Frameworks",
				);
				PRODUCT_BUNDLE_IDENTIFIER = "Tec.Binary-Calculator1";
				PRODUCT_NAME = BaseCalc;
				SWIFT_VERSION = 5.0;
				TARGETED_DEVICE_FAMILY = 1;
			};
			name = Debug;
		};
		996BC5CB2351716200D35DCB /* Release */ = {
			isa = XCBuildConfiguration;
			buildSettings = {
				ASSETCATALOG_COMPILER_APPICON_NAME = AppIcon;
				CODE_SIGN_STYLE = Automatic;
				DEVELOPMENT_TEAM = NY38PR3PNZ;
				INFOPLIST_FILE = "Binary-Calculator/Info.plist";
				LD_RUNPATH_SEARCH_PATHS = (
					"$(inherited)",
					"@executable_path/Frameworks",
				);
				PRODUCT_BUNDLE_IDENTIFIER = "Tec.Binary-Calculator1";
				PRODUCT_NAME = BaseCalc;
				SWIFT_VERSION = 5.0;
				TARGETED_DEVICE_FAMILY = 1;
			};
			name = Release;
		};
/* End XCBuildConfiguration section */

/* Begin XCConfigurationList section */
		996BC5B02351715E00D35DCB /* Build configuration list for PBXProject "Binary-Calculator" */ = {
			isa = XCConfigurationList;
			buildConfigurations = (
				996BC5C72351716100D35DCB /* Debug */,
				996BC5C82351716100D35DCB /* Release */,
			);
			defaultConfigurationIsVisible = 0;
			defaultConfigurationName = Release;
		};
		996BC5C92351716200D35DCB /* Build configuration list for PBXNativeTarget "Binary-Calculator" */ = {
			isa = XCConfigurationList;
			buildConfigurations = (
				996BC5CA2351716200D35DCB /* Debug */,
				996BC5CB2351716200D35DCB /* Release */,
			);
			defaultConfigurationIsVisible = 0;
			defaultConfigurationName = Release;
		};
/* End XCConfigurationList section */
	};
	rootObject = 996BC5AD2351715E00D35DCB /* Project object */;
}
